
Microsoft Visual Studio Solution File, Format Version 12.00
# Visual Studio 2017
Project("{FAE04EC0-301F-11D3-BF4B-00C04F79EFBC}") = "Round II AR", "Round II AR.csproj", "{1A022F54-A162-419E-C479-B396A539D624}"
EndProject
Project("{FAE04EC0-301F-11D3-BF4B-00C04F79EFBC}") = "Round II AR.Editor", "Round II AR.Editor.csproj", "{1F351EBD-10C1-D3B2-583D-21B384940A78}"
EndProject
Global
	GlobalSection(SolutionConfigurationPlatforms) = preSolution
		Debug|Any CPU = Debug|Any CPU
		Release|Any CPU = Release|Any CPU
	EndGlobalSection
	GlobalSection(ProjectConfigurationPlatforms) = postSolution
		{1A022F54-A162-419E-C479-B396A539D624}.Debug|Any CPU.ActiveCfg = Debug|Any CPU
		{1A022F54-A162-419E-C479-B396A539D624}.Debug|Any CPU.Build.0 = Debug|Any CPU
		{1A022F54-A162-419E-C479-B396A539D624}.Release|Any CPU.ActiveCfg = Release|Any CPU
		{1A022F54-A162-419E-C479-B396A539D624}.Release|Any CPU.Build.0 = Release|Any CPU
		{1F351EBD-10C1-D3B2-583D-21B384940A78}.Debug|Any CPU.ActiveCfg = Debug|Any CPU
		{1F351EBD-10C1-D3B2-583D-21B384940A78}.Debug|Any CPU.Build.0 = Debug|Any CPU
		{1F351EBD-10C1-D3B2-583D-21B384940A78}.Release|Any CPU.ActiveCfg = Release|Any CPU
		{1F351EBD-10C1-D3B2-583D-21B384940A78}.Release|Any CPU.Build.0 = Release|Any CPU
	EndGlobalSection
	GlobalSection(SolutionProperties) = preSolution
		HideSolutionNode = FALSE
	EndGlobalSection
EndGlobal
